// !$*UTF8*$!
{
	archiveVersion = 1;
	classes = {
	};
	objectVersion = 56;
	objects = {

/* Begin PBXBuildFile section */
		F527D2482B5D91030015FDCD /* AppDelegate.swift in Sources */ = {isa = PBXBuildFile; fileRef = F527D2472B5D91030015FDCD /* AppDelegate.swift */; };
		F527D24A2B5D91030015FDCD /* SceneDelegate.swift in Sources */ = {isa = PBXBuildFile; fileRef = F527D2492B5D91030015FDCD /* SceneDelegate.swift */; };
		F527D24C2B5D91030015FDCD /* ToDoListViewController.swift in Sources */ = {isa = PBXBuildFile; fileRef = F527D24B2B5D91030015FDCD /* ToDoListViewController.swift */; };
		F527D24F2B5D91030015FDCD /* Main.storyboard in Resources */ = {isa = PBXBuildFile; fileRef = F527D24D2B5D91030015FDCD /* Main.storyboard */; };
		F527D2522B5D91030015FDCD /* ToDoList.xcdatamodeld in Sources */ = {isa = PBXBuildFile; fileRef = F527D2502B5D91030015FDCD /* ToDoList.xcdatamodeld */; };
		F527D2542B5D91040015FDCD /* Assets.xcassets in Resources */ = {isa = PBXBuildFile; fileRef = F527D2532B5D91040015FDCD /* Assets.xcassets */; };
		F527D2572B5D91040015FDCD /* LaunchScreen.storyboard in Resources */ = {isa = PBXBuildFile; fileRef = F527D2552B5D91040015FDCD /* LaunchScreen.storyboard */; };
		F527D2652B5D94690015FDCD /* Constants.swift in Sources */ = {isa = PBXBuildFile; fileRef = F527D2642B5D94690015FDCD /* Constants.swift */; };
		F527D2682B5DA7660015FDCD /* UITableViewCellExtension.swift in Sources */ = {isa = PBXBuildFile; fileRef = F527D2672B5DA7660015FDCD /* UITableViewCellExtension.swift */; };
		F527D2712B5DC5760015FDCD /* DataSource.swift in Sources */ = {isa = PBXBuildFile; fileRef = F527D2702B5DC5760015FDCD /* DataSource.swift */; };
		F527D2742B5DC5AB0015FDCD /* Delegate.swift in Sources */ = {isa = PBXBuildFile; fileRef = F527D2732B5DC5AB0015FDCD /* Delegate.swift */; };
		F56B5A872B5FE7630058A226 /* AppHelper.swift in Sources */ = {isa = PBXBuildFile; fileRef = F56B5A862B5FE7630058A226 /* AppHelper.swift */; };
		F56B5A8C2B5FF15F0058A226 /* CoreDataContainer.swift in Sources */ = {isa = PBXBuildFile; fileRef = F56B5A8B2B5FF15F0058A226 /* CoreDataContainer.swift */; };
/* End PBXBuildFile section */

/* Begin PBXFileReference section */
		F527D2442B5D91030015FDCD /* ToDoList.app */ = {isa = PBXFileReference; explicitFileType = wrapper.application; includeInIndex = 0; path = ToDoList.app; sourceTree = BUILT_PRODUCTS_DIR; };
		F527D2472B5D91030015FDCD /* AppDelegate.swift */ = {isa = PBXFileReference; lastKnownFileType = sourcecode.swift; path = AppDelegate.swift; sourceTree = "<group>"; };
		F527D2492B5D91030015FDCD /* SceneDelegate.swift */ = {isa = PBXFileReference; lastKnownFileType = sourcecode.swift; path = SceneDelegate.swift; sourceTree = "<group>"; };
		F527D24B2B5D91030015FDCD /* ToDoListViewController.swift */ = {isa = PBXFileReference; lastKnownFileType = sourcecode.swift; path = ToDoListViewController.swift; sourceTree = "<group>"; };
		F527D24E2B5D91030015FDCD /* Base */ = {isa = PBXFileReference; lastKnownFileType = file.storyboard; name = Base; path = Base.lproj/Main.storyboard; sourceTree = "<group>"; };
		F527D2512B5D91030015FDCD /* ToDoList.xcdatamodel */ = {isa = PBXFileReference; lastKnownFileType = wrapper.xcdatamodel; path = ToDoList.xcdatamodel; sourceTree = "<group>"; };
		F527D2532B5D91040015FDCD /* Assets.xcassets */ = {isa = PBXFileReference; lastKnownFileType = folder.assetcatalog; path = Assets.xcassets; sourceTree = "<group>"; };
		F527D2562B5D91040015FDCD /* Base */ = {isa = PBXFileReference; lastKnownFileType = file.storyboard; name = Base; path = Base.lproj/LaunchScreen.storyboard; sourceTree = "<group>"; };
		F527D2582B5D91040015FDCD /* Info.plist */ = {isa = PBXFileReference; lastKnownFileType = text.plist.xml; path = Info.plist; sourceTree = "<group>"; };
		F527D2642B5D94690015FDCD /* Constants.swift */ = {isa = PBXFileReference; lastKnownFileType = sourcecode.swift; path = Constants.swift; sourceTree = "<group>"; };
		F527D2672B5DA7660015FDCD /* UITableViewCellExtension.swift */ = {isa = PBXFileReference; lastKnownFileType = sourcecode.swift; path = UITableViewCellExtension.swift; sourceTree = "<group>"; };
		F527D2702B5DC5760015FDCD /* DataSource.swift */ = {isa = PBXFileReference; lastKnownFileType = sourcecode.swift; path = DataSource.swift; sourceTree = "<group>"; };
		F527D2732B5DC5AB0015FDCD /* Delegate.swift */ = {isa = PBXFileReference; lastKnownFileType = sourcecode.swift; path = Delegate.swift; sourceTree = "<group>"; };
		F56B5A862B5FE7630058A226 /* AppHelper.swift */ = {isa = PBXFileReference; lastKnownFileType = sourcecode.swift; path = AppHelper.swift; sourceTree = "<group>"; };
		F56B5A8B2B5FF15F0058A226 /* CoreDataContainer.swift */ = {isa = PBXFileReference; lastKnownFileType = sourcecode.swift; path = CoreDataContainer.swift; sourceTree = "<group>"; };
/* End PBXFileReference section */

/* Begin PBXFrameworksBuildPhase section */
		F527D2412B5D91030015FDCD /* Frameworks */ = {
			isa = PBXFrameworksBuildPhase;
			buildActionMask = 2147483647;
			files = (
			);
			runOnlyForDeploymentPostprocessing = 0;
		};
/* End PBXFrameworksBuildPhase section */

/* Begin PBXGroup section */
		F527D23B2B5D91030015FDCD = {
			isa = PBXGroup;
			children = (
				F527D2462B5D91030015FDCD /* ToDoList */,
				F527D2452B5D91030015FDCD /* Products */,
			);
			sourceTree = "<group>";
		};
		F527D2452B5D91030015FDCD /* Products */ = {
			isa = PBXGroup;
			children = (
				F527D2442B5D91030015FDCD /* ToDoList.app */,
			);
			name = Products;
			sourceTree = "<group>";
		};
		F527D2462B5D91030015FDCD /* ToDoList */ = {
			isa = PBXGroup;
			children = (
				F527D2662B5DA6D70015FDCD /* Utility */,
				F527D2612B5D91310015FDCD /* Views */,
				F527D25F2B5D91220015FDCD /* Controllers */,
				F527D25E2B5D91170015FDCD /* Models */,
				F527D2472B5D91030015FDCD /* AppDelegate.swift */,
				F527D2492B5D91030015FDCD /* SceneDelegate.swift */,
				F527D2532B5D91040015FDCD /* Assets.xcassets */,
				F527D2552B5D91040015FDCD /* LaunchScreen.storyboard */,
				F527D2582B5D91040015FDCD /* Info.plist */,
				F527D2502B5D91030015FDCD /* ToDoList.xcdatamodeld */,
				F527D2642B5D94690015FDCD /* Constants.swift */,
			);
			path = ToDoList;
			sourceTree = "<group>";
		};
		F527D25E2B5D91170015FDCD /* Models */ = {
			isa = PBXGroup;
			children = (
				F56B5A882B5FF0B20058A226 /* SaveLoad */,
			);
			path = Models;
			sourceTree = "<group>";
		};
		F527D25F2B5D91220015FDCD /* Controllers */ = {
			isa = PBXGroup;
			children = (
				F527D26C2B5DC5230015FDCD /* ToDoListViewController */,
			);
			path = Controllers;
			sourceTree = "<group>";
		};
		F527D2612B5D91310015FDCD /* Views */ = {
			isa = PBXGroup;
			children = (
				F527D24D2B5D91030015FDCD /* Main.storyboard */,
			);
			path = Views;
			sourceTree = "<group>";
		};
		F527D2662B5DA6D70015FDCD /* Utility */ = {
			isa = PBXGroup;
			children = (
				F56B5A852B5FE7570058A226 /* Helpers */,
				F527D2692B5DB6670015FDCD /* Extensions */,
			);
			path = Utility;
			sourceTree = "<group>";
		};
		F527D2692B5DB6670015FDCD /* Extensions */ = {
			isa = PBXGroup;
			children = (
				F527D2672B5DA7660015FDCD /* UITableViewCellExtension.swift */,
			);
			path = Extensions;
			sourceTree = "<group>";
		};
		F527D26C2B5DC5230015FDCD /* ToDoListViewController */ = {
			isa = PBXGroup;
			children = (
				F527D26F2B5DC56B0015FDCD /* Extensions */,
				F527D24B2B5D91030015FDCD /* ToDoListViewController.swift */,
			);
			path = ToDoListViewController;
			sourceTree = "<group>";
		};
		F527D26F2B5DC56B0015FDCD /* Extensions */ = {
			isa = PBXGroup;
			children = (
				F527D2702B5DC5760015FDCD /* DataSource.swift */,
				F527D2732B5DC5AB0015FDCD /* Delegate.swift */,
			);
			path = Extensions;
			sourceTree = "<group>";
		};
		F56B5A852B5FE7570058A226 /* Helpers */ = {
			isa = PBXGroup;
			children = (
				F56B5A862B5FE7630058A226 /* AppHelper.swift */,
			);
			path = Helpers;
			sourceTree = "<group>";
		};
		F56B5A882B5FF0B20058A226 /* SaveLoad */ = {
			isa = PBXGroup;
			children = (
				F56B5A8B2B5FF15F0058A226 /* CoreDataContainer.swift */,
			);
			path = SaveLoad;
			sourceTree = "<group>";
		};
/* End PBXGroup section */

/* Begin PBXNativeTarget section */
		F527D2432B5D91030015FDCD /* ToDoList */ = {
			isa = PBXNativeTarget;
			buildConfigurationList = F527D25B2B5D91040015FDCD /* Build configuration list for PBXNativeTarget "ToDoList" */;
			buildPhases = (
				F527D2402B5D91030015FDCD /* Sources */,
				F527D2412B5D91030015FDCD /* Frameworks */,
				F527D2422B5D91030015FDCD /* Resources */,
			);
			buildRules = (
			);
			dependencies = (
			);
			name = ToDoList;
			productName = ToDoList;
			productReference = F527D2442B5D91030015FDCD /* ToDoList.app */;
			productType = "com.apple.product-type.application";
		};
/* End PBXNativeTarget section */

/* Begin PBXProject section */
		F527D23C2B5D91030015FDCD /* Project object */ = {
			isa = PBXProject;
			attributes = {
				BuildIndependentTargetsInParallel = 1;
				LastSwiftUpdateCheck = 1520;
				LastUpgradeCheck = 1520;
				TargetAttributes = {
					F527D2432B5D91030015FDCD = {
						CreatedOnToolsVersion = 15.2;
					};
				};
			};
			buildConfigurationList = F527D23F2B5D91030015FDCD /* Build configuration list for PBXProject "ToDoList" */;
			compatibilityVersion = "Xcode 14.0";
			developmentRegion = en;
			hasScannedForEncodings = 0;
			knownRegions = (
				en,
				Base,
			);
			mainGroup = F527D23B2B5D91030015FDCD;
			productRefGroup = F527D2452B5D91030015FDCD /* Products */;
			projectDirPath = "";
			projectRoot = "";
			targets = (
				F527D2432B5D91030015FDCD /* ToDoList */,
			);
		};
/* End PBXProject section */

/* Begin PBXResourcesBuildPhase section */
		F527D2422B5D91030015FDCD /* Resources */ = {
			isa = PBXResourcesBuildPhase;
			buildActionMask = 2147483647;
			files = (
				F527D2572B5D91040015FDCD /* LaunchScreen.storyboard in Resources */,
				F527D2542B5D91040015FDCD /* Assets.xcassets in Resources */,
				F527D24F2B5D91030015FDCD /* Main.storyboard in Resources */,
			);
			runOnlyForDeploymentPostprocessing = 0;
		};
/* End PBXResourcesBuildPhase section */

/* Begin PBXSourcesBuildPhase section */
		F527D2402B5D91030015FDCD /* Sources */ = {
			isa = PBXSourcesBuildPhase;
			buildActionMask = 2147483647;
			files = (
				F527D24C2B5D91030015FDCD /* ToDoListViewController.swift in Sources */,
				F527D2482B5D91030015FDCD /* AppDelegate.swift in Sources */,
				F527D24A2B5D91030015FDCD /* SceneDelegate.swift in Sources */,
				F527D2522B5D91030015FDCD /* ToDoList.xcdatamodeld in Sources */,
				F527D2742B5DC5AB0015FDCD /* Delegate.swift in Sources */,
				F527D2682B5DA7660015FDCD /* UITableViewCellExtension.swift in Sources */,
				F527D2712B5DC5760015FDCD /* DataSource.swift in Sources */,
				F56B5A872B5FE7630058A226 /* AppHelper.swift in Sources */,
				F527D2652B5D94690015FDCD /* Constants.swift in Sources */,
				F56B5A8C2B5FF15F0058A226 /* CoreDataContainer.swift in Sources */,
			);
			runOnlyForDeploymentPostprocessing = 0;
		};
/* End PBXSourcesBuildPhase section */

/* Begin PBXVariantGroup section */
		F527D24D2B5D91030015FDCD /* Main.storyboard */ = {
			isa = PBXVariantGroup;
			children = (
				F527D24E2B5D91030015FDCD /* Base */,
			);
			name = Main.storyboard;
			sourceTree = "<group>";
		};
		F527D2552B5D91040015FDCD /* LaunchScreen.storyboard */ = {
			isa = PBXVariantGroup;
			children = (
				F527D2562B5D91040015FDCD /* Base */,
			);
			name = LaunchScreen.storyboard;
			sourceTree = "<group>";
		};
/* End PBXVariantGroup section */

/* Begin XCBuildConfiguration section */
		F527D2592B5D91040015FDCD /* Debug */ = {
			isa = XCBuildConfiguration;
			buildSettings = {
				ALWAYS_SEARCH_USER_PATHS = NO;
				ASSETCATALOG_COMPILER_GENERATE_SWIFT_ASSET_SYMBOL_EXTENSIONS = YES;
				CLANG_ANALYZER_NONNULL = YES;
				CLANG_ANALYZER_NUMBER_OBJECT_CONVERSION = YES_AGGRESSIVE;
				CLANG_CXX_LANGUAGE_STANDARD = "gnu++20";
				CLANG_ENABLE_MODULES = YES;
				CLANG_ENABLE_OBJC_ARC = YES;
				CLANG_ENABLE_OBJC_WEAK = YES;
				CLANG_WARN_BLOCK_CAPTURE_AUTORELEASING = YES;
				CLANG_WARN_BOOL_CONVERSION = YES;
				CLANG_WARN_COMMA = YES;
				CLANG_WARN_CONSTANT_CONVERSION = YES;
				CLANG_WARN_DEPRECATED_OBJC_IMPLEMENTATIONS = YES;
				CLANG_WARN_DIRECT_OBJC_ISA_USAGE = YES_ERROR;
				CLANG_WARN_DOCUMENTATION_COMMENTS = YES;
				CLANG_WARN_EMPTY_BODY = YES;
				CLANG_WARN_ENUM_CONVERSION = YES;
				CLANG_WARN_INFINITE_RECURSION = YES;
				CLANG_WARN_INT_CONVERSION = YES;
				CLANG_WARN_NON_LITERAL_NULL_CONVERSION = YES;
				CLANG_WARN_OBJC_IMPLICIT_RETAIN_SELF = YES;
				CLANG_WARN_OBJC_LITERAL_CONVERSION = YES;
				CLANG_WARN_OBJC_ROOT_CLASS = YES_ERROR;
				CLANG_WARN_QUOTED_INCLUDE_IN_FRAMEWORK_HEADER = YES;
				CLANG_WARN_RANGE_LOOP_ANALYSIS = YES;
				CLANG_WARN_STRICT_PROTOTYPES = YES;
				CLANG_WARN_SUSPICIOUS_MOVE = YES;
				CLANG_WARN_UNGUARDED_AVAILABILITY = YES_AGGRESSIVE;
				CLANG_WARN_UNREACHABLE_CODE = YES;
				CLANG_WARN__DUPLICATE_METHOD_MATCH = YES;
				COPY_PHASE_STRIP = NO;
				DEBUG_INFORMATION_FORMAT = dwarf;
				ENABLE_STRICT_OBJC_MSGSEND = YES;
				ENABLE_TESTABILITY = YES;
				ENABLE_USER_SCRIPT_SANDBOXING = YES;
				GCC_C_LANGUAGE_STANDARD = gnu17;
				GCC_DYNAMIC_NO_PIC = NO;
				GCC_NO_COMMON_BLOCKS = YES;
				GCC_OPTIMIZATION_LEVEL = 0;
				GCC_PREPROCESSOR_DEFINITIONS = (
					"DEBUG=1",
					"$(inherited)",
				);
				GCC_WARN_64_TO_32_BIT_CONVERSION = YES;
				GCC_WARN_ABOUT_RETURN_TYPE = YES_ERROR;
				GCC_WARN_UNDECLARED_SELECTOR = YES;
				GCC_WARN_UNINITIALIZED_AUTOS = YES_AGGRESSIVE;
				GCC_WARN_UNUSED_FUNCTION = YES;
				GCC_WARN_UNUSED_VARIABLE = YES;
				IPHONEOS_DEPLOYMENT_TARGET = 17.2;
				LOCALIZATION_PREFERS_STRING_CATALOGS = YES;
				MTL_ENABLE_DEBUG_INFO = INCLUDE_SOURCE;
				MTL_FAST_MATH = YES;
				ONLY_ACTIVE_ARCH = YES;
				SDKROOT = iphoneos;
				SWIFT_ACTIVE_COMPILATION_CONDITIONS = "DEBUG $(inherited)";
				SWIFT_OPTIMIZATION_LEVEL = "-Onone";
			};
			name = Debug;
		};
		F527D25A2B5D91040015FDCD /* Release */ = {
			isa = XCBuildConfiguration;
			buildSettings = {
				ALWAYS_SEARCH_USER_PATHS = NO;
				ASSETCATALOG_COMPILER_GENERATE_SWIFT_ASSET_SYMBOL_EXTENSIONS = YES;
				CLANG_ANALYZER_NONNULL = YES;
				CLANG_ANALYZER_NUMBER_OBJECT_CONVERSION = YES_AGGRESSIVE;
				CLANG_CXX_LANGUAGE_STANDARD = "gnu++20";
				CLANG_ENABLE_MODULES = YES;
				CLANG_ENABLE_OBJC_ARC = YES;
				CLANG_ENABLE_OBJC_WEAK = YES;
				CLANG_WARN_BLOCK_CAPTURE_AUTORELEASING = YES;
				CLANG_WARN_BOOL_CONVERSION = YES;
				CLANG_WARN_COMMA = YES;
				CLANG_WARN_CONSTANT_CONVERSION = YES;
				CLANG_WARN_DEPRECATED_OBJC_IMPLEMENTATIONS = YES;
				CLANG_WARN_DIRECT_OBJC_ISA_USAGE = YES_ERROR;
				CLANG_WARN_DOCUMENTATION_COMMENTS = YES;
				CLANG_WARN_EMPTY_BODY = YES;
				CLANG_WARN_ENUM_CONVERSION = YES;
				CLANG_WARN_INFINITE_RECURSION = YES;
				CLANG_WARN_INT_CONVERSION = YES;
				CLANG_WARN_NON_LITERAL_NULL_CONVERSION = YES;
				CLANG_WARN_OBJC_IMPLICIT_RETAIN_SELF = YES;
				CLANG_WARN_OBJC_LITERAL_CONVERSION = YES;
				CLANG_WARN_OBJC_ROOT_CLASS = YES_ERROR;
				CLANG_WARN_QUOTED_INCLUDE_IN_FRAMEWORK_HEADER = YES;
				CLANG_WARN_RANGE_LOOP_ANALYSIS = YES;
				CLANG_WARN_STRICT_PROTOTYPES = YES;
				CLANG_WARN_SUSPICIOUS_MOVE = YES;
				CLANG_WARN_UNGUARDED_AVAILABILITY = YES_AGGRESSIVE;
				CLANG_WARN_UNREACHABLE_CODE = YES;
				CLANG_WARN__DUPLICATE_METHOD_MATCH = YES;
				COPY_PHASE_STRIP = NO;
				DEBUG_INFORMATION_FORMAT = "dwarf-with-dsym";
				ENABLE_NS_ASSERTIONS = NO;
				ENABLE_STRICT_OBJC_MSGSEND = YES;
				ENABLE_USER_SCRIPT_SANDBOXING = YES;
				GCC_C_LANGUAGE_STANDARD = gnu17;
				GCC_NO_COMMON_BLOCKS = YES;
				GCC_WARN_64_TO_32_BIT_CONVERSION = YES;
				GCC_WARN_ABOUT_RETURN_TYPE = YES_ERROR;
				GCC_WARN_UNDECLARED_SELECTOR = YES;
				GCC_WARN_UNINITIALIZED_AUTOS = YES_AGGRESSIVE;
				GCC_WARN_UNUSED_FUNCTION = YES;
				GCC_WARN_UNUSED_VARIABLE = YES;
				IPHONEOS_DEPLOYMENT_TARGET = 17.2;
				LOCALIZATION_PREFERS_STRING_CATALOGS = YES;
				MTL_ENABLE_DEBUG_INFO = NO;
				MTL_FAST_MATH = YES;
				SDKROOT = iphoneos;
				SWIFT_COMPILATION_MODE = wholemodule;
				VALIDATE_PRODUCT = YES;
			};
			name = Release;
		};
		F527D25C2B5D91040015FDCD /* Debug */ = {
			isa = XCBuildConfiguration;
			buildSettings = {
				ASSETCATALOG_COMPILER_APPICON_NAME = AppIcon;
				ASSETCATALOG_COMPILER_GLOBAL_ACCENT_COLOR_NAME = AccentColor;
				CODE_SIGN_STYLE = Automatic;
				CURRENT_PROJECT_VERSION = 1;
				DEVELOPMENT_TEAM = NP95U3ZH97;
				GENERATE_INFOPLIST_FILE = YES;
				INFOPLIST_FILE = ToDoList/Info.plist;
				INFOPLIST_KEY_UIApplicationSupportsIndirectInputEvents = YES;
				INFOPLIST_KEY_UILaunchStoryboardName = LaunchScreen;
				INFOPLIST_KEY_UIMainStoryboardFile = Main;
				INFOPLIST_KEY_UISupportedInterfaceOrientations_iPad = "UIInterfaceOrientationPortrait UIInterfaceOrientationPortraitUpsideDown UIInterfaceOrientationLandscapeLeft UIInterfaceOrientationLandscapeRight";
				INFOPLIST_KEY_UISupportedInterfaceOrientations_iPhone = "UIInterfaceOrientationPortrait UIInterfaceOrientationLandscapeLeft UIInterfaceOrientationLandscapeRight";
				LD_RUNPATH_SEARCH_PATHS = (
					"$(inherited)",
					"@executable_path/Frameworks",
				);
				MARKETING_VERSION = 1.0;
				PRODUCT_BUNDLE_IDENTIFIER = test.org.id.ToDoList;
				PRODUCT_NAME = "$(TARGET_NAME)";
				SWIFT_EMIT_LOC_STRINGS = YES;
				SWIFT_VERSION = 5.0;
				TARGETED_DEVICE_FAMILY = "1,2";
			};
			name = Debug;
		};
		F527D25D2B5D91040015FDCD /* Release */ = {
			isa = XCBuildConfiguration;
			buildSettings = {
				ASSETCATALOG_COMPILER_APPICON_NAME = AppIcon;
				ASSETCATALOG_COMPILER_GLOBAL_ACCENT_COLOR_NAME = AccentColor;
				CODE_SIGN_STYLE = Automatic;
				CURRENT_PROJECT_VERSION = 1;
				DEVELOPMENT_TEAM = NP95U3ZH97;
				GENERATE_INFOPLIST_FILE = YES;
				INFOPLIST_FILE = ToDoList/Info.plist;
				INFOPLIST_KEY_UIApplicationSupportsIndirectInputEvents = YES;
				INFOPLIST_KEY_UILaunchStoryboardName = LaunchScreen;
				INFOPLIST_KEY_UIMainStoryboardFile = Main;
				INFOPLIST_KEY_UISupportedInterfaceOrientations_iPad = "UIInterfaceOrientationPortrait UIInterfaceOrientationPortraitUpsideDown UIInterfaceOrientationLandscapeLeft UIInterfaceOrientationLandscapeRight";
				INFOPLIST_KEY_UISupportedInterfaceOrientations_iPhone = "UIInterfaceOrientationPortrait UIInterfaceOrientationLandscapeLeft UIInterfaceOrientationLandscapeRight";
				LD_RUNPATH_SEARCH_PATHS = (
					"$(inherited)",
					"@executable_path/Frameworks",
				);
				MARKETING_VERSION = 1.0;
				PRODUCT_BUNDLE_IDENTIFIER = test.org.id.ToDoList;
				PRODUCT_NAME = "$(TARGET_NAME)";
				SWIFT_EMIT_LOC_STRINGS = YES;
				SWIFT_VERSION = 5.0;
				TARGETED_DEVICE_FAMILY = "1,2";
			};
			name = Release;
		};
/* End XCBuildConfiguration section */

/* Begin XCConfigurationList section */
		F527D23F2B5D91030015FDCD /* Build configuration list for PBXProject "ToDoList" */ = {
			isa = XCConfigurationList;
			buildConfigurations = (
				F527D2592B5D91040015FDCD /* Debug */,
				F527D25A2B5D91040015FDCD /* Release */,
			);
			defaultConfigurationIsVisible = 0;
			defaultConfigurationName = Release;
		};
		F527D25B2B5D91040015FDCD /* Build configuration list for PBXNativeTarget "ToDoList" */ = {
			isa = XCConfigurationList;
			buildConfigurations = (
				F527D25C2B5D91040015FDCD /* Debug */,
				F527D25D2B5D91040015FDCD /* Release */,
			);
			defaultConfigurationIsVisible = 0;
			defaultConfigurationName = Release;
		};
/* End XCConfigurationList section */

/* Begin XCVersionGroup section */
		F527D2502B5D91030015FDCD /* ToDoList.xcdatamodeld */ = {
			isa = XCVersionGroup;
			children = (
				F527D2512B5D91030015FDCD /* ToDoList.xcdatamodel */,
			);
			currentVersion = F527D2512B5D91030015FDCD /* ToDoList.xcdatamodel */;
			path = ToDoList.xcdatamodeld;
			sourceTree = "<group>";
			versionGroupType = wrapper.xcdatamodel;
		};
/* End XCVersionGroup section */
	};
	rootObject = F527D23C2B5D91030015FDCD /* Project object */;
}
